Microsoft Visual Studio Solution File, Format Version 12.00
# Visual Studio 2012
Project("{FAE04EC0-301F-11D3-BF4B-00C04F79EFBC}") = "Rbp-godot-game-src", "Rbp-godot-game-src.csproj", "{84B80642-B8F7-44B1-9F2E-F91ACA056850}"
EndProject
Global
	GlobalSection(SolutionConfigurationPlatforms) = preSolution
	Debug|Any CPU = Debug|Any CPU
	ExportDebug|Any CPU = ExportDebug|Any CPU
	ExportRelease|Any CPU = ExportRelease|Any CPU
	EndGlobalSection
	GlobalSection(ProjectConfigurationPlatforms) = postSolution
		{84B80642-B8F7-44B1-9F2E-F91ACA056850}.Debug|Any CPU.ActiveCfg = Debug|Any CPU
		{84B80642-B8F7-44B1-9F2E-F91ACA056850}.Debug|Any CPU.Build.0 = Debug|Any CPU
		{84B80642-B8F7-44B1-9F2E-F91ACA056850}.ExportDebug|Any CPU.ActiveCfg = ExportDebug|Any CPU
		{84B80642-B8F7-44B1-9F2E-F91ACA056850}.ExportDebug|Any CPU.Build.0 = ExportDebug|Any CPU
		{84B80642-B8F7-44B1-9F2E-F91ACA056850}.ExportRelease|Any CPU.ActiveCfg = ExportRelease|Any CPU
		{84B80642-B8F7-44B1-9F2E-F91ACA056850}.ExportRelease|Any CPU.Build.0 = ExportRelease|Any CPU
	EndGlobalSection
EndGlobal
